
Microsoft Visual Studio Solution File, Format Version 12.00
# Visual Studio Version 17
VisualStudioVersion = 17.9.34723.18
MinimumVisualStudioVersion = 10.0.40219.1
Project("{9A19103F-16F7-4668-BE54-9A1E7A4F7556}") = "SigningTool", "SigningTool.csproj", "{9D0CF4EA-F2D5-42CD-A141-DFDA9CBD2621}"
EndProject
Project("{9A19103F-16F7-4668-BE54-9A1E7A4F7556}") = "SoftwareSigning", "..\SoftwareSigning\SoftwareSigning.csproj", "{308F9FA1-29FA-4079-BD61-101F8F018262}"
EndProject
Project("{9A19103F-16F7-4668-BE54-9A1E7A4F7556}") = "KeyManagement", "..\KeyManagement\KeyManagement.csproj", "{00C2A16B-BCE2-463D-A0B6-4795AFCCA8C2}"
EndProject
Project("{9A19103F-16F7-4668-BE54-9A1E7A4F7556}") = "Infrastructure", "..\Infrastructure\Infrastructure.csproj", "{05C4E3FB-3130-4D0D-915D-CB8632FB0F27}"
EndProject
Project("{9A19103F-16F7-4668-BE54-9A1E7A4F7556}") = "NavigationModule", "..\NavigationModule\NavigationModule.csproj", "{10424596-387D-4BA5-A69B-8629F1A7ECE0}"
EndProject
Global
	GlobalSection(SolutionConfigurationPlatforms) = preSolution
		Debug|Any CPU = Debug|Any CPU
		Release|Any CPU = Release|Any CPU
	EndGlobalSection
	GlobalSection(ProjectConfigurationPlatforms) = postSolution
		{9D0CF4EA-F2D5-42CD-A141-DFDA9CBD2621}.Debug|Any CPU.ActiveCfg = Debug|Any CPU
		{9D0CF4EA-F2D5-42CD-A141-DFDA9CBD2621}.Debug|Any CPU.Build.0 = Debug|Any CPU
		{9D0CF4EA-F2D5-42CD-A141-DFDA9CBD2621}.Release|Any CPU.ActiveCfg = Release|Any CPU
		{9D0CF4EA-F2D5-42CD-A141-DFDA9CBD2621}.Release|Any CPU.Build.0 = Release|Any CPU
		{308F9FA1-29FA-4079-BD61-101F8F018262}.Debug|Any CPU.ActiveCfg = Debug|Any CPU
		{308F9FA1-29FA-4079-BD61-101F8F018262}.Debug|Any CPU.Build.0 = Debug|Any CPU
		{308F9FA1-29FA-4079-BD61-101F8F018262}.Release|Any CPU.ActiveCfg = Release|Any CPU
		{308F9FA1-29FA-4079-BD61-101F8F018262}.Release|Any CPU.Build.0 = Release|Any CPU
		{00C2A16B-BCE2-463D-A0B6-4795AFCCA8C2}.Debug|Any CPU.ActiveCfg = Debug|Any CPU
		{00C2A16B-BCE2-463D-A0B6-4795AFCCA8C2}.Debug|Any CPU.Build.0 = Debug|Any CPU
		{00C2A16B-BCE2-463D-A0B6-4795AFCCA8C2}.Release|Any CPU.ActiveCfg = Release|Any CPU
		{00C2A16B-BCE2-463D-A0B6-4795AFCCA8C2}.Release|Any CPU.Build.0 = Release|Any CPU
		{05C4E3FB-3130-4D0D-915D-CB8632FB0F27}.Debug|Any CPU.ActiveCfg = Debug|Any CPU
		{05C4E3FB-3130-4D0D-915D-CB8632FB0F27}.Debug|Any CPU.Build.0 = Debug|Any CPU
		{05C4E3FB-3130-4D0D-915D-CB8632FB0F27}.Release|Any CPU.ActiveCfg = Release|Any CPU
		{05C4E3FB-3130-4D0D-915D-CB8632FB0F27}.Release|Any CPU.Build.0 = Release|Any CPU
		{10424596-387D-4BA5-A69B-8629F1A7ECE0}.Debug|Any CPU.ActiveCfg = Debug|Any CPU
		{10424596-387D-4BA5-A69B-8629F1A7ECE0}.Debug|Any CPU.Build.0 = Debug|Any CPU
		{10424596-387D-4BA5-A69B-8629F1A7ECE0}.Release|Any CPU.ActiveCfg = Release|Any CPU
		{10424596-387D-4BA5-A69B-8629F1A7ECE0}.Release|Any CPU.Build.0 = Release|Any CPU
	EndGlobalSection
	GlobalSection(SolutionProperties) = preSolution
		HideSolutionNode = FALSE
	EndGlobalSection
	GlobalSection(ExtensibilityGlobals) = postSolution
		SolutionGuid = {E44384E7-E26B-4D2D-ABBA-C3A1CCA3C35C}
	EndGlobalSection
EndGlobal
